
Microsoft Visual Studio Solution File, Format Version 12.00
# Visual Studio Version 17
VisualStudioVersion = 17.11.35312.102
MinimumVisualStudioVersion = 10.0.40219.1
Project("{9A19103F-16F7-4668-BE54-9A1E7A4F7556}") = "EcoEnergyT3PR1", "EcoEnergyT3PR1\EcoEnergyT3PR1.csproj", "{9324FEDD-1CB4-446A-AC7F-A1F971E9A6CD}"
EndProject
Project("{FAE04EC0-301F-11D3-BF4B-00C04F79EFBC}") = "EcoUtilities", "EcoUtilities\EcoUtilities.csproj", "{90A7470A-EDD8-4649-B97E-19FC687C58DD}"
EndProject
Global
	GlobalSection(SolutionConfigurationPlatforms) = preSolution
		Debug|Any CPU = Debug|Any CPU
		Release|Any CPU = Release|Any CPU
	EndGlobalSection
	GlobalSection(ProjectConfigurationPlatforms) = postSolution
		{9324FEDD-1CB4-446A-AC7F-A1F971E9A6CD}.Debug|Any CPU.ActiveCfg = Debug|Any CPU
		{9324FEDD-1CB4-446A-AC7F-A1F971E9A6CD}.Debug|Any CPU.Build.0 = Debug|Any CPU
		{9324FEDD-1CB4-446A-AC7F-A1F971E9A6CD}.Release|Any CPU.ActiveCfg = Release|Any CPU
		{9324FEDD-1CB4-446A-AC7F-A1F971E9A6CD}.Release|Any CPU.Build.0 = Release|Any CPU
		{90A7470A-EDD8-4649-B97E-19FC687C58DD}.Debug|Any CPU.ActiveCfg = Debug|Any CPU
		{90A7470A-EDD8-4649-B97E-19FC687C58DD}.Debug|Any CPU.Build.0 = Debug|Any CPU
		{90A7470A-EDD8-4649-B97E-19FC687C58DD}.Release|Any CPU.ActiveCfg = Release|Any CPU
		{90A7470A-EDD8-4649-B97E-19FC687C58DD}.Release|Any CPU.Build.0 = Release|Any CPU
	EndGlobalSection
	GlobalSection(SolutionProperties) = preSolution
		HideSolutionNode = FALSE
	EndGlobalSection
	GlobalSection(ExtensibilityGlobals) = postSolution
		SolutionGuid = {E3FE44C5-4ECE-43B3-8BC6-3AFF04F0B6C9}
	EndGlobalSection
EndGlobal
